
Microsoft Visual Studio Solution File, Format Version 12.00
# Visual Studio Version 17
VisualStudioVersion = 17.6.33829.357
MinimumVisualStudioVersion = 10.0.40219.1
Project("{8BC9CEB8-8B4A-11D0-8D11-00A0C91BC942}") = "TicTacToe", "TicTacToe.vcxproj", "{8D8DCED6-90FE-465D-B18D-D616910A33C8}"
EndProject
Global
	GlobalSection(SolutionConfigurationPlatforms) = preSolution
		Debug|x64 = Debug|x64
		Debug|x86 = Debug|x86
		Release|x64 = Release|x64
		Release|x86 = Release|x86
		Release-Static|x64 = Release-Static|x64
		Release-Static|x86 = Release-Static|x86
	EndGlobalSection
	GlobalSection(ProjectConfigurationPlatforms) = postSolution
		{8D8DCED6-90FE-465D-B18D-D616910A33C8}.Debug|x64.ActiveCfg = Debug|x64
		{8D8DCED6-90FE-465D-B18D-D616910A33C8}.Debug|x64.Build.0 = Debug|x64
		{8D8DCED6-90FE-465D-B18D-D616910A33C8}.Debug|x86.ActiveCfg = Debug|Win32
		{8D8DCED6-90FE-465D-B18D-D616910A33C8}.Debug|x86.Build.0 = Debug|Win32
		{8D8DCED6-90FE-465D-B18D-D616910A33C8}.Release|x64.ActiveCfg = Release|x64
		{8D8DCED6-90FE-465D-B18D-D616910A33C8}.Release|x64.Build.0 = Release|x64
		{8D8DCED6-90FE-465D-B18D-D616910A33C8}.Release|x86.ActiveCfg = Release|Win32
		{8D8DCED6-90FE-465D-B18D-D616910A33C8}.Release|x86.Build.0 = Release|Win32
		{8D8DCED6-90FE-465D-B18D-D616910A33C8}.Release-Static|x64.ActiveCfg = Release-Static|x64
		{8D8DCED6-90FE-465D-B18D-D616910A33C8}.Release-Static|x64.Build.0 = Release-Static|x64
		{8D8DCED6-90FE-465D-B18D-D616910A33C8}.Release-Static|x86.ActiveCfg = Release-Static|Win32
		{8D8DCED6-90FE-465D-B18D-D616910A33C8}.Release-Static|x86.Build.0 = Release-Static|Win32
	EndGlobalSection
	GlobalSection(SolutionProperties) = preSolution
		HideSolutionNode = FALSE
	EndGlobalSection
	GlobalSection(ExtensibilityGlobals) = postSolution
		SolutionGuid = {1131E09B-7C30-4BB0-A092-7C1EDA5C86AA}
	EndGlobalSection
EndGlobal
